{
  "name": "iron-age-tactical-brawler",
  "version": "0.1.0",
  "lockfileVersion": 3,
  "requires": true,
  "packages": {
    "": {
      "name": "iron-age-tactical-brawler",
      "version": "0.1.0",
      "devDependencies": {
        "three": "^0.166.1"
      }
    },
    "node_modules/three": {
      "version": "0.166.1",
      "resolved": "https://registry.npmjs.org/three/-/three-0.166.1.tgz",
      "integrity": "sha512-LtuafkKHHzm61AQA1be2MAYIw1IjmhOUxhBa0prrLpEMWbV7ijvxCRHjSgHPGp2493wLBzwKV46tA9nivLEgKg==",
      "dev": true,
      "license": "MIT"
    }
  }
}
